
Microsoft Visual Studio Solution File, Format Version 12.00
# Visual Studio Version 16
VisualStudioVersion = 16.0.30804.86
MinimumVisualStudioVersion = 10.0.40219.1
Project("{FAE04EC0-301F-11D3-BF4B-00C04F79EFBC}") = "web", "web.csproj", "{95DC2C95-B55B-4A1E-B153-FF5105AC43FF}"
EndProject
Project("{FAE04EC0-301F-11D3-BF4B-00C04F79EFBC}") = "CFModel", "..\CFModel\CFModel.csproj", "{F8745569-5598-43B7-82DE-8A9A2F5E0C10}"
EndProject
Project("{FAE04EC0-301F-11D3-BF4B-00C04F79EFBC}") = "CFBLL", "..\CFBLL\CFBLL.csproj", "{4419A51D-8D74-4C5B-BE15-343010005078}"
EndProject
Project("{FAE04EC0-301F-11D3-BF4B-00C04F79EFBC}") = "CFDAL", "..\CFDAL\CFDAL.csproj", "{104BCDB3-AB75-48F1-9F06-AD94AA9D3241}"
EndProject
Global
	GlobalSection(SolutionConfigurationPlatforms) = preSolution
		Debug|Any CPU = Debug|Any CPU
		Release|Any CPU = Release|Any CPU
	EndGlobalSection
	GlobalSection(ProjectConfigurationPlatforms) = postSolution
		{95DC2C95-B55B-4A1E-B153-FF5105AC43FF}.Debug|Any CPU.ActiveCfg = Debug|Any CPU
		{95DC2C95-B55B-4A1E-B153-FF5105AC43FF}.Debug|Any CPU.Build.0 = Debug|Any CPU
		{95DC2C95-B55B-4A1E-B153-FF5105AC43FF}.Release|Any CPU.ActiveCfg = Release|Any CPU
		{95DC2C95-B55B-4A1E-B153-FF5105AC43FF}.Release|Any CPU.Build.0 = Release|Any CPU
		{F8745569-5598-43B7-82DE-8A9A2F5E0C10}.Debug|Any CPU.ActiveCfg = Debug|Any CPU
		{F8745569-5598-43B7-82DE-8A9A2F5E0C10}.Debug|Any CPU.Build.0 = Debug|Any CPU
		{F8745569-5598-43B7-82DE-8A9A2F5E0C10}.Release|Any CPU.ActiveCfg = Release|Any CPU
		{F8745569-5598-43B7-82DE-8A9A2F5E0C10}.Release|Any CPU.Build.0 = Release|Any CPU
		{4419A51D-8D74-4C5B-BE15-343010005078}.Debug|Any CPU.ActiveCfg = Debug|Any CPU
		{4419A51D-8D74-4C5B-BE15-343010005078}.Debug|Any CPU.Build.0 = Debug|Any CPU
		{4419A51D-8D74-4C5B-BE15-343010005078}.Release|Any CPU.ActiveCfg = Release|Any CPU
		{4419A51D-8D74-4C5B-BE15-343010005078}.Release|Any CPU.Build.0 = Release|Any CPU
		{104BCDB3-AB75-48F1-9F06-AD94AA9D3241}.Debug|Any CPU.ActiveCfg = Debug|Any CPU
		{104BCDB3-AB75-48F1-9F06-AD94AA9D3241}.Debug|Any CPU.Build.0 = Debug|Any CPU
		{104BCDB3-AB75-48F1-9F06-AD94AA9D3241}.Release|Any CPU.ActiveCfg = Release|Any CPU
		{104BCDB3-AB75-48F1-9F06-AD94AA9D3241}.Release|Any CPU.Build.0 = Release|Any CPU
	EndGlobalSection
	GlobalSection(SolutionProperties) = preSolution
		HideSolutionNode = FALSE
	EndGlobalSection
	GlobalSection(ExtensibilityGlobals) = postSolution
		SolutionGuid = {1E2166BB-6950-4C3B-A2B3-CBD57B25A91A}
	EndGlobalSection
EndGlobal
